version = 1
revision = 1
requires-python = ">=3.13"

[[package]]
name = "asgiref"
version = "3.9.1"
source = { registry = "https://pypi.org/simple" }
sdist = { url = "https://files.pythonhosted.org/packages/90/61/0aa957eec22ff70b830b22ff91f825e70e1ef732c06666a805730f28b36b/asgiref-3.9.1.tar.gz", hash = "sha256:a5ab6582236218e5ef1648f242fd9f10626cfd4de8dc377db215d5d5098e3142", size = 36870 }
wheels = [
    { url = "https://files.pythonhosted.org/packages/7c/3c/0464dcada90d5da0e71018c04a140ad6349558afb30b3051b4264cc5b965/asgiref-3.9.1-py3-none-any.whl", hash = "sha256:f3bba7092a48005b5f5bacd747d36ee4a5a61f4a269a6df590b43144355ebd2c", size = 23790 },
]

[[package]]
name = "attrs"
version = "25.3.0"
source = { registry = "https://pypi.org/simple" }
sdist = { url = "https://files.pythonhosted.org/packages/5a/b0/1367933a8532ee6ff8d63537de4f1177af4bff9f3e829baf7331f595bb24/attrs-25.3.0.tar.gz", hash = "sha256:75d7cefc7fb576747b2c81b4442d4d4a1ce0900973527c011d1030fd3bf4af1b", size = 812032 }
wheels = [
    { url = "https://files.pythonhosted.org/packages/77/06/bb80f5f86020c4551da315d78b3ab75e8228f89f0162f2c3a819e407941a/attrs-25.3.0-py3-none-any.whl", hash = "sha256:427318ce031701fea540783410126f03899a97ffc6f61596ad581ac2e40e3bc3", size = 63815 },
]

[[package]]
name = "black"
version = "25.1.0"
source = { registry = "https://pypi.org/simple" }
dependencies = [
    { name = "click" },
    { name = "mypy-extensions" },
    { name = "packaging" },
    { name = "pathspec" },
    { name = "platformdirs" },
]
sdist = { url = "https://files.pythonhosted.org/packages/94/49/26a7b0f3f35da4b5a65f081943b7bcd22d7002f5f0fb8098ec1ff21cb6ef/black-25.1.0.tar.gz", hash = "sha256:33496d5cd1222ad73391352b4ae8da15253c5de89b93a80b3e2c8d9a19ec2666", size = 649449 }
wheels = [
    { url = "https://files.pythonhosted.org/packages/98/87/0edf98916640efa5d0696e1abb0a8357b52e69e82322628f25bf14d263d1/black-25.1.0-cp313-cp313-macosx_10_13_x86_64.whl", hash = "sha256:8f0b18a02996a836cc9c9c78e5babec10930862827b1b724ddfe98ccf2f2fe4f", size = 1650673 },
    { url = "https://files.pythonhosted.org/packages/52/e5/f7bf17207cf87fa6e9b676576749c6b6ed0d70f179a3d812c997870291c3/black-25.1.0-cp313-cp313-macosx_11_0_arm64.whl", hash = "sha256:afebb7098bfbc70037a053b91ae8437c3857482d3a690fefc03e9ff7aa9a5fd3", size = 1453190 },
    { url = "https://files.pythonhosted.org/packages/e3/ee/adda3d46d4a9120772fae6de454c8495603c37c4c3b9c60f25b1ab6401fe/black-25.1.0-cp313-cp313-manylinux_2_17_x86_64.manylinux2014_x86_64.manylinux_2_28_x86_64.whl", hash = "sha256:030b9759066a4ee5e5aca28c3c77f9c64789cdd4de8ac1df642c40b708be6171", size = 1782926 },
    { url = "https://files.pythonhosted.org/packages/cc/64/94eb5f45dcb997d2082f097a3944cfc7fe87e071907f677e80788a2d7b7a/black-25.1.0-cp313-cp313-win_amd64.whl", hash = "sha256:a22f402b410566e2d1c950708c77ebf5ebd5d0d88a6a2e87c86d9fb48afa0d18", size = 1442613 },
    { url = "https://files.pythonhosted.org/packages/09/71/54e999902aed72baf26bca0d50781b01838251a462612966e9fc4891eadd/black-25.1.0-py3-none-any.whl", hash = "sha256:95e8176dae143ba9097f351d174fdaf0ccd29efb414b362ae3fd72bf0f710717", size = 207646 },
]

[[package]]
name = "click"
version = "8.2.1"
source = { registry = "https://pypi.org/simple" }
dependencies = [
    { name = "colorama", marker = "sys_platform == 'win32'" },
]
sdist = { url = "https://files.pythonhosted.org/packages/60/6c/8ca2efa64cf75a977a0d7fac081354553ebe483345c734fb6b6515d96bbc/click-8.2.1.tar.gz", hash = "sha256:27c491cc05d968d271d5a1db13e3b5a184636d9d930f148c50b038f0d0646202", size = 286342 }
wheels = [
    { url = "https://files.pythonhosted.org/packages/85/32/10bb5764d90a8eee674e9dc6f4db6a0ab47c8c4d0d83c27f7c39ac415a4d/click-8.2.1-py3-none-any.whl", hash = "sha256:61a3265b914e850b85317d0b3109c7f8cd35a670f963866005d6ef1d5175a12b", size = 102215 },
]

[[package]]
name = "colorama"
version = "0.4.6"
source = { registry = "https://pypi.org/simple" }
sdist = { url = "https://files.pythonhosted.org/packages/d8/53/6f443c9a4a8358a93a6792e2acffb9d9d5cb0a5cfd8802644b7b1c9a02e4/colorama-0.4.6.tar.gz", hash = "sha256:08695f5cb7ed6e0531a20572697297273c47b8cae5a63ffc6d6ed5c201be6e44", size = 27697 }
wheels = [
    { url = "https://files.pythonhosted.org/packages/d1/d6/3965ed04c63042e047cb6a3e6ed1a63a35087b6a609aa3a15ed8ac56c221/colorama-0.4.6-py2.py3-none-any.whl", hash = "sha256:4f1d9991f5acc0ca119f9d443620b77f9d6b33703e51011c16baf57afb285fc6", size = 25335 },
]

[[package]]
name = "django"
version = "5.2.4"
source = { registry = "https://pypi.org/simple" }
dependencies = [
    { name = "asgiref" },
    { name = "sqlparse" },
    { name = "tzdata", marker = "sys_platform == 'win32'" },
]
sdist = { url = "https://files.pythonhosted.org/packages/9c/7e/034f0f9fb10c029a02daaf44d364d6bf2eced8c73f0d38c69da359d26b01/django-5.2.4.tar.gz", hash = "sha256:a1228c384f8fa13eebc015196db7b3e08722c5058d4758d20cb287503a540d8f", size = 10831909 }
wheels = [
    { url = "https://files.pythonhosted.org/packages/14/ae/706965237a672434c8b520e89a818e8b047af94e9beb342d0bee405c26c7/django-5.2.4-py3-none-any.whl", hash = "sha256:60c35bd96201b10c6e7a78121bd0da51084733efa303cc19ead021ab179cef5e", size = 8302187 },
]

[[package]]
name = "django-boilerplate"
version = "0.1.0"
source = { virtual = "." }
dependencies = [
    { name = "django" },
    { name = "django-cors-headers" },
    { name = "django-extensions" },
    { name = "djangorestframework" },
    { name = "djangorestframework-simplejwt" },
    { name = "drf-spectacular" },
    { name = "psycopg2-binary" },
    { name = "python-decouple" },
]

[package.dev-dependencies]
dev = [
    { name = "black" },
    { name = "factory-boy" },
    { name = "flake8" },
    { name = "isort" },
    { name = "pytest" },
    { name = "pytest-django" },
]

[package.metadata]
requires-dist = [
    { name = "django", specifier = ">=5.2.4" },
    { name = "django-cors-headers", specifier = ">=4.7.0" },
    { name = "django-extensions", specifier = ">=4.1" },
    { name = "djangorestframework", specifier = ">=3.16.0" },
    { name = "djangorestframework-simplejwt", specifier = ">=5.5.0" },
    { name = "drf-spectacular", specifier = ">=0.28.0" },
    { name = "psycopg2-binary", specifier = ">=2.9.10" },
    { name = "python-decouple", specifier = ">=3.8" },
]

[package.metadata.requires-dev]
dev = [
    { name = "black", specifier = ">=25.1.0" },
    { name = "factory-boy", specifier = ">=3.3.3" },
    { name = "flake8", specifier = ">=7.3.0" },
    { name = "isort", specifier = ">=6.0.1" },
    { name = "pytest", specifier = ">=8.4.1" },
    { name = "pytest-django", specifier = ">=4.11.1" },
]

[[package]]
name = "django-cors-headers"
version = "4.7.0"
source = { registry = "https://pypi.org/simple" }
dependencies = [
    { name = "asgiref" },
    { name = "django" },
]
sdist = { url = "https://files.pythonhosted.org/packages/93/6c/16f6cb6064c63074fd5b2bd494eb319afd846236d9c1a6c765946df2c289/django_cors_headers-4.7.0.tar.gz", hash = "sha256:6fdf31bf9c6d6448ba09ef57157db2268d515d94fc5c89a0a1028e1fc03ee52b", size = 21037 }
wheels = [
    { url = "https://files.pythonhosted.org/packages/7e/a2/7bcfff86314bd9dd698180e31ba00604001606efb518a06cca6833a54285/django_cors_headers-4.7.0-py3-none-any.whl", hash = "sha256:f1c125dcd58479fe7a67fe2499c16ee38b81b397463cf025f0e2c42937421070", size = 12794 },
]

[[package]]
name = "django-extensions"
version = "4.1"
source = { registry = "https://pypi.org/simple" }
dependencies = [
    { name = "django" },
]
sdist = { url = "https://files.pythonhosted.org/packages/6d/b3/ed0f54ed706ec0b54fd251cc0364a249c6cd6c6ec97f04dc34be5e929eac/django_extensions-4.1.tar.gz", hash = "sha256:7b70a4d28e9b840f44694e3f7feb54f55d495f8b3fa6c5c0e5e12bcb2aa3cdeb", size = 283078 }
wheels = [
    { url = "https://files.pythonhosted.org/packages/64/96/d967ca440d6a8e3861120f51985d8e5aec79b9a8bdda16041206adfe7adc/django_extensions-4.1-py3-none-any.whl", hash = "sha256:0699a7af28f2523bf8db309a80278519362cd4b6e1fd0a8cd4bf063e1e023336", size = 232980 },
]

[[package]]
name = "djangorestframework"
version = "3.16.0"
source = { registry = "https://pypi.org/simple" }
dependencies = [
    { name = "django" },
]
sdist = { url = "https://files.pythonhosted.org/packages/7d/97/112c5a72e6917949b6d8a18ad6c6e72c46da4290c8f36ee5f1c1dcbc9901/djangorestframework-3.16.0.tar.gz", hash = "sha256:f022ff46613584de994c0c6a4aebbace5fd700555fbe9d33b865ebf173eba6c9", size = 1068408 }
wheels = [
    { url = "https://files.pythonhosted.org/packages/eb/3e/2448e93f4f87fc9a9f35e73e3c05669e0edd0c2526834686e949bb1fd303/djangorestframework-3.16.0-py3-none-any.whl", hash = "sha256:bea7e9f6b96a8584c5224bfb2e4348dfb3f8b5e34edbecb98da258e892089361", size = 1067305 },
]

[[package]]
name = "djangorestframework-simplejwt"
version = "5.5.0"
source = { registry = "https://pypi.org/simple" }
dependencies = [
    { name = "django" },
    { name = "djangorestframework" },
    { name = "pyjwt" },
]
sdist = { url = "https://files.pythonhosted.org/packages/db/1e/0d4439d0fa1d93599fbcfc56efdc02cbf012e3a4b4ef90c835e0a51017d4/djangorestframework_simplejwt-5.5.0.tar.gz", hash = "sha256:474a1b737067e6462b3609627a392d13a4da8a08b1f0574104ac6d7b1406f90e", size = 97946 }
wheels = [
    { url = "https://files.pythonhosted.org/packages/42/b4/d1c1750aa7c8cc07e4974275f96b9b9b3a38e95ff734e14b4e97790c8974/djangorestframework_simplejwt-5.5.0-py3-none-any.whl", hash = "sha256:4ef6b38af20cdde4a4a51d1fd8e063cbbabb7b45f149cc885d38d905c5a62edb", size = 103480 },
]

[[package]]
name = "drf-spectacular"
version = "0.28.0"
source = { registry = "https://pypi.org/simple" }
dependencies = [
    { name = "django" },
    { name = "djangorestframework" },
    { name = "inflection" },
    { name = "jsonschema" },
    { name = "pyyaml" },
    { name = "uritemplate" },
]
sdist = { url = "https://files.pythonhosted.org/packages/da/b9/741056455aed00fa51a1df41fad5ad27c8e0d433b6bf490d4e60e2808bc6/drf_spectacular-0.28.0.tar.gz", hash = "sha256:2c778a47a40ab2f5078a7c42e82baba07397bb35b074ae4680721b2805943061", size = 237849 }
wheels = [
    { url = "https://files.pythonhosted.org/packages/fb/66/c2929871393b1515c3767a670ff7d980a6882964a31a4ca2680b30d7212a/drf_spectacular-0.28.0-py3-none-any.whl", hash = "sha256:856e7edf1056e49a4245e87a61e8da4baff46c83dbc25be1da2df77f354c7cb4", size = 103928 },
]

[[package]]
name = "factory-boy"
version = "3.3.3"
source = { registry = "https://pypi.org/simple" }
dependencies = [
    { name = "faker" },
]
sdist = { url = "https://files.pythonhosted.org/packages/ba/98/75cacae9945f67cfe323829fc2ac451f64517a8a330b572a06a323997065/factory_boy-3.3.3.tar.gz", hash = "sha256:866862d226128dfac7f2b4160287e899daf54f2612778327dd03d0e2cb1e3d03", size = 164146 }
wheels = [
    { url = "https://files.pythonhosted.org/packages/27/8d/2bc5f5546ff2ccb3f7de06742853483ab75bf74f36a92254702f8baecc79/factory_boy-3.3.3-py2.py3-none-any.whl", hash = "sha256:1c39e3289f7e667c4285433f305f8d506efc2fe9c73aaea4151ebd5cdea394fc", size = 37036 },
]

[[package]]
name = "faker"
version = "37.4.0"
source = { registry = "https://pypi.org/simple" }
dependencies = [
    { name = "tzdata" },
]
sdist = { url = "https://files.pythonhosted.org/packages/65/f9/66af4019ee952fc84b8fe5b523fceb7f9e631ed8484417b6f1e3092f8290/faker-37.4.0.tar.gz", hash = "sha256:7f69d579588c23d5ce671f3fa872654ede0e67047820255f43a4aa1925b89780", size = 1901976 }
wheels = [
    { url = "https://files.pythonhosted.org/packages/78/5e/c8c3c5ea0896ab747db2e2889bf5a6f618ed291606de6513df56ad8670a8/faker-37.4.0-py3-none-any.whl", hash = "sha256:cb81c09ebe06c32a10971d1bbdb264bb0e22b59af59548f011ac4809556ce533", size = 1942992 },
]

[[package]]
name = "flake8"
version = "7.3.0"
source = { registry = "https://pypi.org/simple" }
dependencies = [
    { name = "mccabe" },
    { name = "pycodestyle" },
    { name = "pyflakes" },
]
sdist = { url = "https://files.pythonhosted.org/packages/9b/af/fbfe3c4b5a657d79e5c47a2827a362f9e1b763336a52f926126aa6dc7123/flake8-7.3.0.tar.gz", hash = "sha256:fe044858146b9fc69b551a4b490d69cf960fcb78ad1edcb84e7fbb1b4a8e3872", size = 48326 }
wheels = [
    { url = "https://files.pythonhosted.org/packages/9f/56/13ab06b4f93ca7cac71078fbe37fcea175d3216f31f85c3168a6bbd0bb9a/flake8-7.3.0-py2.py3-none-any.whl", hash = "sha256:b9696257b9ce8beb888cdbe31cf885c90d31928fe202be0889a7cdafad32f01e", size = 57922 },
]

[[package]]
name = "inflection"
version = "0.5.1"
source = { registry = "https://pypi.org/simple" }
sdist = { url = "https://files.pythonhosted.org/packages/e1/7e/691d061b7329bc8d54edbf0ec22fbfb2afe61facb681f9aaa9bff7a27d04/inflection-0.5.1.tar.gz", hash = "sha256:1a29730d366e996aaacffb2f1f1cb9593dc38e2ddd30c91250c6dde09ea9b417", size = 15091 }
wheels = [
    { url = "https://files.pythonhosted.org/packages/59/91/aa6bde563e0085a02a435aa99b49ef75b0a4b062635e606dab23ce18d720/inflection-0.5.1-py2.py3-none-any.whl", hash = "sha256:f38b2b640938a4f35ade69ac3d053042959b62a0f1076a5bbaa1b9526605a8a2", size = 9454 },
]

[[package]]
name = "iniconfig"
version = "2.1.0"
source = { registry = "https://pypi.org/simple" }
sdist = { url = "https://files.pythonhosted.org/packages/f2/97/ebf4da567aa6827c909642694d71c9fcf53e5b504f2d96afea02718862f3/iniconfig-2.1.0.tar.gz", hash = "sha256:3abbd2e30b36733fee78f9c7f7308f2d0050e88f0087fd25c2645f63c773e1c7", size = 4793 }
wheels = [
    { url = "https://files.pythonhosted.org/packages/2c/e1/e6716421ea10d38022b952c159d5161ca1193197fb744506875fbb87ea7b/iniconfig-2.1.0-py3-none-any.whl", hash = "sha256:9deba5723312380e77435581c6bf4935c94cbfab9b1ed33ef8d238ea168eb760", size = 6050 },
]

[[package]]
name = "isort"
version = "6.0.1"
source = { registry = "https://pypi.org/simple" }
sdist = { url = "https://files.pythonhosted.org/packages/b8/21/1e2a441f74a653a144224d7d21afe8f4169e6c7c20bb13aec3a2dc3815e0/isort-6.0.1.tar.gz", hash = "sha256:1cb5df28dfbc742e490c5e41bad6da41b805b0a8be7bc93cd0fb2a8a890ac450", size = 821955 }
wheels = [
    { url = "https://files.pythonhosted.org/packages/c1/11/114d0a5f4dabbdcedc1125dee0888514c3c3b16d3e9facad87ed96fad97c/isort-6.0.1-py3-none-any.whl", hash = "sha256:2dc5d7f65c9678d94c88dfc29161a320eec67328bc97aad576874cb4be1e9615", size = 94186 },
]

[[package]]
name = "jsonschema"
version = "4.24.0"
source = { registry = "https://pypi.org/simple" }
dependencies = [
    { name = "attrs" },
    { name = "jsonschema-specifications" },
    { name = "referencing" },
    { name = "rpds-py" },
]
sdist = { url = "https://files.pythonhosted.org/packages/bf/d3/1cf5326b923a53515d8f3a2cd442e6d7e94fcc444716e879ea70a0ce3177/jsonschema-4.24.0.tar.gz", hash = "sha256:0b4e8069eb12aedfa881333004bccaec24ecef5a8a6a4b6df142b2cc9599d196", size = 353480 }
wheels = [
    { url = "https://files.pythonhosted.org/packages/a2/3d/023389198f69c722d039351050738d6755376c8fd343e91dc493ea485905/jsonschema-4.24.0-py3-none-any.whl", hash = "sha256:a462455f19f5faf404a7902952b6f0e3ce868f3ee09a359b05eca6673bd8412d", size = 88709 },
]

[[package]]
name = "jsonschema-specifications"
version = "2025.4.1"
source = { registry = "https://pypi.org/simple" }
dependencies = [
    { name = "referencing" },
]
sdist = { url = "https://files.pythonhosted.org/packages/bf/ce/46fbd9c8119cfc3581ee5643ea49464d168028cfb5caff5fc0596d0cf914/jsonschema_specifications-2025.4.1.tar.gz", hash = "sha256:630159c9f4dbea161a6a2205c3011cc4f18ff381b189fff48bb39b9bf26ae608", size = 15513 }
wheels = [
    { url = "https://files.pythonhosted.org/packages/01/0e/b27cdbaccf30b890c40ed1da9fd4a3593a5cf94dae54fb34f8a4b74fcd3f/jsonschema_specifications-2025.4.1-py3-none-any.whl", hash = "sha256:4653bffbd6584f7de83a67e0d620ef16900b390ddc7939d56684d6c81e33f1af", size = 18437 },
]

[[package]]
name = "mccabe"
version = "0.7.0"
source = { registry = "https://pypi.org/simple" }
sdist = { url = "https://files.pythonhosted.org/packages/e7/ff/0ffefdcac38932a54d2b5eed4e0ba8a408f215002cd178ad1df0f2806ff8/mccabe-0.7.0.tar.gz", hash = "sha256:348e0240c33b60bbdf4e523192ef919f28cb2c3d7d5c7794f74009290f236325", size = 9658 }
wheels = [
    { url = "https://files.pythonhosted.org/packages/27/1a/1f68f9ba0c207934b35b86a8ca3aad8395a3d6dd7921c0686e23853ff5a9/mccabe-0.7.0-py2.py3-none-any.whl", hash = "sha256:6c2d30ab6be0e4a46919781807b4f0d834ebdd6c6e3dca0bda5a15f863427b6e", size = 7350 },
]

[[package]]
name = "mypy-extensions"
version = "1.1.0"
source = { registry = "https://pypi.org/simple" }
sdist = { url = "https://files.pythonhosted.org/packages/a2/6e/371856a3fb9d31ca8dac321cda606860fa4548858c0cc45d9d1d4ca2628b/mypy_extensions-1.1.0.tar.gz", hash = "sha256:52e68efc3284861e772bbcd66823fde5ae21fd2fdb51c62a211403730b916558", size = 6343 }
wheels = [
    { url = "https://files.pythonhosted.org/packages/79/7b/2c79738432f5c924bef5071f933bcc9efd0473bac3b4aa584a6f7c1c8df8/mypy_extensions-1.1.0-py3-none-any.whl", hash = "sha256:1be4cccdb0f2482337c4743e60421de3a356cd97508abadd57d47403e94f5505", size = 4963 },
]

[[package]]
name = "packaging"
version = "25.0"
source = { registry = "https://pypi.org/simple" }
sdist = { url = "https://files.pythonhosted.org/packages/a1/d4/1fc4078c65507b51b96ca8f8c3ba19e6a61c8253c72794544580a7b6c24d/packaging-25.0.tar.gz", hash = "sha256:d443872c98d677bf60f6a1f2f8c1cb748e8fe762d2bf9d3148b5599295b0fc4f", size = 165727 }
wheels = [
    { url = "https://files.pythonhosted.org/packages/20/12/38679034af332785aac8774540895e234f4d07f7545804097de4b666afd8/packaging-25.0-py3-none-any.whl", hash = "sha256:29572ef2b1f17581046b3a2227d5c611fb25ec70ca1ba8554b24b0e69331a484", size = 66469 },
]

[[package]]
name = "pathspec"
version = "0.12.1"
source = { registry = "https://pypi.org/simple" }
sdist = { url = "https://files.pythonhosted.org/packages/ca/bc/f35b8446f4531a7cb215605d100cd88b7ac6f44ab3fc94870c120ab3adbf/pathspec-0.12.1.tar.gz", hash = "sha256:a482d51503a1ab33b1c67a6c3813a26953dbdc71c31dacaef9a838c4e29f5712", size = 51043 }
wheels = [
    { url = "https://files.pythonhosted.org/packages/cc/20/ff623b09d963f88bfde16306a54e12ee5ea43e9b597108672ff3a408aad6/pathspec-0.12.1-py3-none-any.whl", hash = "sha256:a0d503e138a4c123b27490a4f7beda6a01c6f288df0e4a8b79c7eb0dc7b4cc08", size = 31191 },
]

[[package]]
name = "platformdirs"
version = "4.3.8"
source = { registry = "https://pypi.org/simple" }
sdist = { url = "https://files.pythonhosted.org/packages/fe/8b/3c73abc9c759ecd3f1f7ceff6685840859e8070c4d947c93fae71f6a0bf2/platformdirs-4.3.8.tar.gz", hash = "sha256:3d512d96e16bcb959a814c9f348431070822a6496326a4be0911c40b5a74c2bc", size = 21362 }
wheels = [
    { url = "https://files.pythonhosted.org/packages/fe/39/979e8e21520d4e47a0bbe349e2713c0aac6f3d853d0e5b34d76206c439aa/platformdirs-4.3.8-py3-none-any.whl", hash = "sha256:ff7059bb7eb1179e2685604f4aaf157cfd9535242bd23742eadc3c13542139b4", size = 18567 },
]

[[package]]
name = "pluggy"
version = "1.6.0"
source = { registry = "https://pypi.org/simple" }
sdist = { url = "https://files.pythonhosted.org/packages/f9/e2/3e91f31a7d2b083fe6ef3fa267035b518369d9511ffab804f839851d2779/pluggy-1.6.0.tar.gz", hash = "sha256:7dcc130b76258d33b90f61b658791dede3486c3e6bfb003ee5c9bfb396dd22f3", size = 69412 }
wheels = [
    { url = "https://files.pythonhosted.org/packages/54/20/4d324d65cc6d9205fabedc306948156824eb9f0ee1633355a8f7ec5c66bf/pluggy-1.6.0-py3-none-any.whl", hash = "sha256:e920276dd6813095e9377c0bc5566d94c932c33b27a3e3945d8389c374dd4746", size = 20538 },
]

[[package]]
name = "psycopg2-binary"
version = "2.9.10"
source = { registry = "https://pypi.org/simple" }
sdist = { url = "https://files.pythonhosted.org/packages/cb/0e/bdc8274dc0585090b4e3432267d7be4dfbfd8971c0fa59167c711105a6bf/psycopg2-binary-2.9.10.tar.gz", hash = "sha256:4b3df0e6990aa98acda57d983942eff13d824135fe2250e6522edaa782a06de2", size = 385764 }
wheels = [
    { url = "https://files.pythonhosted.org/packages/3e/30/d41d3ba765609c0763505d565c4d12d8f3c79793f0d0f044ff5a28bf395b/psycopg2_binary-2.9.10-cp313-cp313-macosx_12_0_x86_64.whl", hash = "sha256:26540d4a9a4e2b096f1ff9cce51253d0504dca5a85872c7f7be23be5a53eb18d", size = 3044699 },
    { url = "https://files.pythonhosted.org/packages/35/44/257ddadec7ef04536ba71af6bc6a75ec05c5343004a7ec93006bee66c0bc/psycopg2_binary-2.9.10-cp313-cp313-macosx_14_0_arm64.whl", hash = "sha256:e217ce4d37667df0bc1c397fdcd8de5e81018ef305aed9415c3b093faaeb10fb", size = 3275245 },
    { url = "https://files.pythonhosted.org/packages/1b/11/48ea1cd11de67f9efd7262085588790a95d9dfcd9b8a687d46caf7305c1a/psycopg2_binary-2.9.10-cp313-cp313-manylinux_2_17_aarch64.manylinux2014_aarch64.whl", hash = "sha256:245159e7ab20a71d989da00f280ca57da7641fa2cdcf71749c193cea540a74f7", size = 2851631 },
    { url = "https://files.pythonhosted.org/packages/62/e0/62ce5ee650e6c86719d621a761fe4bc846ab9eff8c1f12b1ed5741bf1c9b/psycopg2_binary-2.9.10-cp313-cp313-manylinux_2_17_i686.manylinux2014_i686.whl", hash = "sha256:3c4ded1a24b20021ebe677b7b08ad10bf09aac197d6943bfe6fec70ac4e4690d", size = 3082140 },
    { url = "https://files.pythonhosted.org/packages/27/ce/63f946c098611f7be234c0dd7cb1ad68b0b5744d34f68062bb3c5aa510c8/psycopg2_binary-2.9.10-cp313-cp313-manylinux_2_17_ppc64le.manylinux2014_ppc64le.whl", hash = "sha256:3abb691ff9e57d4a93355f60d4f4c1dd2d68326c968e7db17ea96df3c023ef73", size = 3264762 },
    { url = "https://files.pythonhosted.org/packages/43/25/c603cd81402e69edf7daa59b1602bd41eb9859e2824b8c0855d748366ac9/psycopg2_binary-2.9.10-cp313-cp313-manylinux_2_17_x86_64.manylinux2014_x86_64.whl", hash = "sha256:8608c078134f0b3cbd9f89b34bd60a943b23fd33cc5f065e8d5f840061bd0673", size = 3020967 },
    { url = "https://files.pythonhosted.org/packages/5f/d6/8708d8c6fca531057fa170cdde8df870e8b6a9b136e82b361c65e42b841e/psycopg2_binary-2.9.10-cp313-cp313-musllinux_1_2_aarch64.whl", hash = "sha256:230eeae2d71594103cd5b93fd29d1ace6420d0b86f4778739cb1a5a32f607d1f", size = 2872326 },
    { url = "https://files.pythonhosted.org/packages/ce/ac/5b1ea50fc08a9df82de7e1771537557f07c2632231bbab652c7e22597908/psycopg2_binary-2.9.10-cp313-cp313-musllinux_1_2_i686.whl", hash = "sha256:bb89f0a835bcfc1d42ccd5f41f04870c1b936d8507c6df12b7737febc40f0909", size = 2822712 },
    { url = "https://files.pythonhosted.org/packages/c4/fc/504d4503b2abc4570fac3ca56eb8fed5e437bf9c9ef13f36b6621db8ef00/psycopg2_binary-2.9.10-cp313-cp313-musllinux_1_2_ppc64le.whl", hash = "sha256:f0c2d907a1e102526dd2986df638343388b94c33860ff3bbe1384130828714b1", size = 2920155 },
    { url = "https://files.pythonhosted.org/packages/b2/d1/323581e9273ad2c0dbd1902f3fb50c441da86e894b6e25a73c3fda32c57e/psycopg2_binary-2.9.10-cp313-cp313-musllinux_1_2_x86_64.whl", hash = "sha256:f8157bed2f51db683f31306aa497311b560f2265998122abe1dce6428bd86567", size = 2959356 },
    { url = "https://files.pythonhosted.org/packages/08/50/d13ea0a054189ae1bc21af1d85b6f8bb9bbc5572991055d70ad9006fe2d6/psycopg2_binary-2.9.10-cp313-cp313-win_amd64.whl", hash = "sha256:27422aa5f11fbcd9b18da48373eb67081243662f9b46e6fd07c3eb46e4535142", size = 2569224 },
]

[[package]]
name = "pycodestyle"
version = "2.14.0"
source = { registry = "https://pypi.org/simple" }
sdist = { url = "https://files.pythonhosted.org/packages/11/e0/abfd2a0d2efe47670df87f3e3a0e2edda42f055053c85361f19c0e2c1ca8/pycodestyle-2.14.0.tar.gz", hash = "sha256:c4b5b517d278089ff9d0abdec919cd97262a3367449ea1c8b49b91529167b783", size = 39472 }
wheels = [
    { url = "https://files.pythonhosted.org/packages/d7/27/a58ddaf8c588a3ef080db9d0b7e0b97215cee3a45df74f3a94dbbf5c893a/pycodestyle-2.14.0-py2.py3-none-any.whl", hash = "sha256:dd6bf7cb4ee77f8e016f9c8e74a35ddd9f67e1d5fd4184d86c3b98e07099f42d", size = 31594 },
]

[[package]]
name = "pyflakes"
version = "3.4.0"
source = { registry = "https://pypi.org/simple" }
sdist = { url = "https://files.pythonhosted.org/packages/45/dc/fd034dc20b4b264b3d015808458391acbf9df40b1e54750ef175d39180b1/pyflakes-3.4.0.tar.gz", hash = "sha256:b24f96fafb7d2ab0ec5075b7350b3d2d2218eab42003821c06344973d3ea2f58", size = 64669 }
wheels = [
    { url = "https://files.pythonhosted.org/packages/c2/2f/81d580a0fb83baeb066698975cb14a618bdbed7720678566f1b046a95fe8/pyflakes-3.4.0-py2.py3-none-any.whl", hash = "sha256:f742a7dbd0d9cb9ea41e9a24a918996e8170c799fa528688d40dd582c8265f4f", size = 63551 },
]

[[package]]
name = "pygments"
version = "2.19.2"
source = { registry = "https://pypi.org/simple" }
sdist = { url = "https://files.pythonhosted.org/packages/b0/77/a5b8c569bf593b0140bde72ea885a803b82086995367bf2037de0159d924/pygments-2.19.2.tar.gz", hash = "sha256:636cb2477cec7f8952536970bc533bc43743542f70392ae026374600add5b887", size = 4968631 }
wheels = [
    { url = "https://files.pythonhosted.org/packages/c7/21/705964c7812476f378728bdf590ca4b771ec72385c533964653c68e86bdc/pygments-2.19.2-py3-none-any.whl", hash = "sha256:86540386c03d588bb81d44bc3928634ff26449851e99741617ecb9037ee5ec0b", size = 1225217 },
]

[[package]]
name = "pyjwt"
version = "2.9.0"
source = { registry = "https://pypi.org/simple" }
sdist = { url = "https://files.pythonhosted.org/packages/fb/68/ce067f09fca4abeca8771fe667d89cc347d1e99da3e093112ac329c6020e/pyjwt-2.9.0.tar.gz", hash = "sha256:7e1e5b56cc735432a7369cbfa0efe50fa113ebecdc04ae6922deba8b84582d0c", size = 78825 }
wheels = [
    { url = "https://files.pythonhosted.org/packages/79/84/0fdf9b18ba31d69877bd39c9cd6052b47f3761e9910c15de788e519f079f/PyJWT-2.9.0-py3-none-any.whl", hash = "sha256:3b02fb0f44517787776cf48f2ae25d8e14f300e6d7545a4315cee571a415e850", size = 22344 },
]

[[package]]
name = "pytest"
version = "8.4.1"
source = { registry = "https://pypi.org/simple" }
dependencies = [
    { name = "colorama", marker = "sys_platform == 'win32'" },
    { name = "iniconfig" },
    { name = "packaging" },
    { name = "pluggy" },
    { name = "pygments" },
]
sdist = { url = "https://files.pythonhosted.org/packages/08/ba/45911d754e8eba3d5a841a5ce61a65a685ff1798421ac054f85aa8747dfb/pytest-8.4.1.tar.gz", hash = "sha256:7c67fd69174877359ed9371ec3af8a3d2b04741818c51e5e99cc1742251fa93c", size = 1517714 }
wheels = [
    { url = "https://files.pythonhosted.org/packages/29/16/c8a903f4c4dffe7a12843191437d7cd8e32751d5de349d45d3fe69544e87/pytest-8.4.1-py3-none-any.whl", hash = "sha256:539c70ba6fcead8e78eebbf1115e8b589e7565830d7d006a8723f19ac8a0afb7", size = 365474 },
]

[[package]]
name = "pytest-django"
version = "4.11.1"
source = { registry = "https://pypi.org/simple" }
dependencies = [
    { name = "pytest" },
]
sdist = { url = "https://files.pythonhosted.org/packages/b1/fb/55d580352db26eb3d59ad50c64321ddfe228d3d8ac107db05387a2fadf3a/pytest_django-4.11.1.tar.gz", hash = "sha256:a949141a1ee103cb0e7a20f1451d355f83f5e4a5d07bdd4dcfdd1fd0ff227991", size = 86202 }
wheels = [
    { url = "https://files.pythonhosted.org/packages/be/ac/bd0608d229ec808e51a21044f3f2f27b9a37e7a0ebaca7247882e67876af/pytest_django-4.11.1-py3-none-any.whl", hash = "sha256:1b63773f648aa3d8541000c26929c1ea63934be1cfa674c76436966d73fe6a10", size = 25281 },
]

[[package]]
name = "python-decouple"
version = "3.8"
source = { registry = "https://pypi.org/simple" }
sdist = { url = "https://files.pythonhosted.org/packages/e1/97/373dcd5844ec0ea5893e13c39a2c67e7537987ad8de3842fe078db4582fa/python-decouple-3.8.tar.gz", hash = "sha256:ba6e2657d4f376ecc46f77a3a615e058d93ba5e465c01bbe57289bfb7cce680f", size = 9612 }
wheels = [
    { url = "https://files.pythonhosted.org/packages/a2/d4/9193206c4563ec771faf2ccf54815ca7918529fe81f6adb22ee6d0e06622/python_decouple-3.8-py3-none-any.whl", hash = "sha256:d0d45340815b25f4de59c974b855bb38d03151d81b037d9e3f463b0c9f8cbd66", size = 9947 },
]

[[package]]
name = "pyyaml"
version = "6.0.2"
source = { registry = "https://pypi.org/simple" }
sdist = { url = "https://files.pythonhosted.org/packages/54/ed/79a089b6be93607fa5cdaedf301d7dfb23af5f25c398d5ead2525b063e17/pyyaml-6.0.2.tar.gz", hash = "sha256:d584d9ec91ad65861cc08d42e834324ef890a082e591037abe114850ff7bbc3e", size = 130631 }
wheels = [
    { url = "https://files.pythonhosted.org/packages/ef/e3/3af305b830494fa85d95f6d95ef7fa73f2ee1cc8ef5b495c7c3269fb835f/PyYAML-6.0.2-cp313-cp313-macosx_10_13_x86_64.whl", hash = "sha256:efdca5630322a10774e8e98e1af481aad470dd62c3170801852d752aa7a783ba", size = 181309 },
    { url = "https://files.pythonhosted.org/packages/45/9f/3b1c20a0b7a3200524eb0076cc027a970d320bd3a6592873c85c92a08731/PyYAML-6.0.2-cp313-cp313-macosx_11_0_arm64.whl", hash = "sha256:50187695423ffe49e2deacb8cd10510bc361faac997de9efef88badc3bb9e2d1", size = 171679 },
    { url = "https://files.pythonhosted.org/packages/7c/9a/337322f27005c33bcb656c655fa78325b730324c78620e8328ae28b64d0c/PyYAML-6.0.2-cp313-cp313-manylinux_2_17_aarch64.manylinux2014_aarch64.whl", hash = "sha256:0ffe8360bab4910ef1b9e87fb812d8bc0a308b0d0eef8c8f44e0254ab3b07133", size = 733428 },
    { url = "https://files.pythonhosted.org/packages/a3/69/864fbe19e6c18ea3cc196cbe5d392175b4cf3d5d0ac1403ec3f2d237ebb5/PyYAML-6.0.2-cp313-cp313-manylinux_2_17_s390x.manylinux2014_s390x.whl", hash = "sha256:17e311b6c678207928d649faa7cb0d7b4c26a0ba73d41e99c4fff6b6c3276484", size = 763361 },
    { url = "https://files.pythonhosted.org/packages/04/24/b7721e4845c2f162d26f50521b825fb061bc0a5afcf9a386840f23ea19fa/PyYAML-6.0.2-cp313-cp313-manylinux_2_17_x86_64.manylinux2014_x86_64.whl", hash = "sha256:70b189594dbe54f75ab3a1acec5f1e3faa7e8cf2f1e08d9b561cb41b845f69d5", size = 759523 },
    { url = "https://files.pythonhosted.org/packages/2b/b2/e3234f59ba06559c6ff63c4e10baea10e5e7df868092bf9ab40e5b9c56b6/PyYAML-6.0.2-cp313-cp313-musllinux_1_1_aarch64.whl", hash = "sha256:41e4e3953a79407c794916fa277a82531dd93aad34e29c2a514c2c0c5fe971cc", size = 726660 },
    { url = "https://files.pythonhosted.org/packages/fe/0f/25911a9f080464c59fab9027482f822b86bf0608957a5fcc6eaac85aa515/PyYAML-6.0.2-cp313-cp313-musllinux_1_1_x86_64.whl", hash = "sha256:68ccc6023a3400877818152ad9a1033e3db8625d899c72eacb5a668902e4d652", size = 751597 },
    { url = "https://files.pythonhosted.org/packages/14/0d/e2c3b43bbce3cf6bd97c840b46088a3031085179e596d4929729d8d68270/PyYAML-6.0.2-cp313-cp313-win32.whl", hash = "sha256:bc2fa7c6b47d6bc618dd7fb02ef6fdedb1090ec036abab80d4681424b84c1183", size = 140527 },
    { url = "https://files.pythonhosted.org/packages/fa/de/02b54f42487e3d3c6efb3f89428677074ca7bf43aae402517bc7cca949f3/PyYAML-6.0.2-cp313-cp313-win_amd64.whl", hash = "sha256:8388ee1976c416731879ac16da0aff3f63b286ffdd57cdeb95f3f2e085687563", size = 156446 },
]

[[package]]
name = "referencing"
version = "0.36.2"
source = { registry = "https://pypi.org/simple" }
dependencies = [
    { name = "attrs" },
    { name = "rpds-py" },
]
sdist = { url = "https://files.pythonhosted.org/packages/2f/db/98b5c277be99dd18bfd91dd04e1b759cad18d1a338188c936e92f921c7e2/referencing-0.36.2.tar.gz", hash = "sha256:df2e89862cd09deabbdba16944cc3f10feb6b3e6f18e902f7cc25609a34775aa", size = 74744 }
wheels = [
    { url = "https://files.pythonhosted.org/packages/c1/b1/3baf80dc6d2b7bc27a95a67752d0208e410351e3feb4eb78de5f77454d8d/referencing-0.36.2-py3-none-any.whl", hash = "sha256:e8699adbbf8b5c7de96d8ffa0eb5c158b3beafce084968e2ea8bb08c6794dcd0", size = 26775 },
]

[[package]]
name = "rpds-py"
version = "0.26.0"
source = { registry = "https://pypi.org/simple" }
sdist = { url = "https://files.pythonhosted.org/packages/a5/aa/4456d84bbb54adc6a916fb10c9b374f78ac840337644e4a5eda229c81275/rpds_py-0.26.0.tar.gz", hash = "sha256:20dae58a859b0906f0685642e591056f1e787f3a8b39c8e8749a45dc7d26bdb0", size = 27385 }
wheels = [
    { url = "https://files.pythonhosted.org/packages/6a/67/bb62d0109493b12b1c6ab00de7a5566aa84c0e44217c2d94bee1bd370da9/rpds_py-0.26.0-cp313-cp313-macosx_10_12_x86_64.whl", hash = "sha256:696764a5be111b036256c0b18cd29783fab22154690fc698062fc1b0084b511d", size = 363917 },
    { url = "https://files.pythonhosted.org/packages/4b/f3/34e6ae1925a5706c0f002a8d2d7f172373b855768149796af87bd65dcdb9/rpds_py-0.26.0-cp313-cp313-macosx_11_0_arm64.whl", hash = "sha256:1e6c15d2080a63aaed876e228efe4f814bc7889c63b1e112ad46fdc8b368b9e1", size = 350073 },
    { url = "https://files.pythonhosted.org/packages/75/83/1953a9d4f4e4de7fd0533733e041c28135f3c21485faaef56a8aadbd96b5/rpds_py-0.26.0-cp313-cp313-manylinux_2_17_aarch64.manylinux2014_aarch64.whl", hash = "sha256:390e3170babf42462739a93321e657444f0862c6d722a291accc46f9d21ed04e", size = 384214 },
    { url = "https://files.pythonhosted.org/packages/48/0e/983ed1b792b3322ea1d065e67f4b230f3b96025f5ce3878cc40af09b7533/rpds_py-0.26.0-cp313-cp313-manylinux_2_17_armv7l.manylinux2014_armv7l.whl", hash = "sha256:7da84c2c74c0f5bc97d853d9e17bb83e2dcafcff0dc48286916001cc114379a1", size = 400113 },
    { url = "https://files.pythonhosted.org/packages/69/7f/36c0925fff6f660a80be259c5b4f5e53a16851f946eb080351d057698528/rpds_py-0.26.0-cp313-cp313-manylinux_2_17_ppc64le.manylinux2014_ppc64le.whl", hash = "sha256:4c5fe114a6dd480a510b6d3661d09d67d1622c4bf20660a474507aaee7eeeee9", size = 515189 },
    { url = "https://files.pythonhosted.org/packages/13/45/cbf07fc03ba7a9b54662c9badb58294ecfb24f828b9732970bd1a431ed5c/rpds_py-0.26.0-cp313-cp313-manylinux_2_17_s390x.manylinux2014_s390x.whl", hash = "sha256:3100b3090269f3a7ea727b06a6080d4eb7439dca4c0e91a07c5d133bb1727ea7", size = 406998 },
    { url = "https://files.pythonhosted.org/packages/6c/b0/8fa5e36e58657997873fd6a1cf621285ca822ca75b4b3434ead047daa307/rpds_py-0.26.0-cp313-cp313-manylinux_2_17_x86_64.manylinux2014_x86_64.whl", hash = "sha256:2c03c9b0c64afd0320ae57de4c982801271c0c211aa2d37f3003ff5feb75bb04", size = 385903 },
    { url = "https://files.pythonhosted.org/packages/4b/f7/b25437772f9f57d7a9fbd73ed86d0dcd76b4c7c6998348c070d90f23e315/rpds_py-0.26.0-cp313-cp313-manylinux_2_5_i686.manylinux1_i686.whl", hash = "sha256:5963b72ccd199ade6ee493723d18a3f21ba7d5b957017607f815788cef50eaf1", size = 419785 },
    { url = "https://files.pythonhosted.org/packages/a7/6b/63ffa55743dfcb4baf2e9e77a0b11f7f97ed96a54558fcb5717a4b2cd732/rpds_py-0.26.0-cp313-cp313-musllinux_1_2_aarch64.whl", hash = "sha256:9da4e873860ad5bab3291438525cae80169daecbfafe5657f7f5fb4d6b3f96b9", size = 561329 },
    { url = "https://files.pythonhosted.org/packages/2f/07/1f4f5e2886c480a2346b1e6759c00278b8a69e697ae952d82ae2e6ee5db0/rpds_py-0.26.0-cp313-cp313-musllinux_1_2_i686.whl", hash = "sha256:5afaddaa8e8c7f1f7b4c5c725c0070b6eed0228f705b90a1732a48e84350f4e9", size = 590875 },
    { url = "https://files.pythonhosted.org/packages/cc/bc/e6639f1b91c3a55f8c41b47d73e6307051b6e246254a827ede730624c0f8/rpds_py-0.26.0-cp313-cp313-musllinux_1_2_x86_64.whl", hash = "sha256:4916dc96489616a6f9667e7526af8fa693c0fdb4f3acb0e5d9f4400eb06a47ba", size = 556636 },
    { url = "https://files.pythonhosted.org/packages/05/4c/b3917c45566f9f9a209d38d9b54a1833f2bb1032a3e04c66f75726f28876/rpds_py-0.26.0-cp313-cp313-win32.whl", hash = "sha256:2a343f91b17097c546b93f7999976fd6c9d5900617aa848c81d794e062ab302b", size = 222663 },
    { url = "https://files.pythonhosted.org/packages/e0/0b/0851bdd6025775aaa2365bb8de0697ee2558184c800bfef8d7aef5ccde58/rpds_py-0.26.0-cp313-cp313-win_amd64.whl", hash = "sha256:0a0b60701f2300c81b2ac88a5fb893ccfa408e1c4a555a77f908a2596eb875a5", size = 234428 },
    { url = "https://files.pythonhosted.org/packages/ed/e8/a47c64ed53149c75fb581e14a237b7b7cd18217e969c30d474d335105622/rpds_py-0.26.0-cp313-cp313-win_arm64.whl", hash = "sha256:257d011919f133a4746958257f2c75238e3ff54255acd5e3e11f3ff41fd14256", size = 222571 },
    { url = "https://files.pythonhosted.org/packages/89/bf/3d970ba2e2bcd17d2912cb42874107390f72873e38e79267224110de5e61/rpds_py-0.26.0-cp313-cp313t-macosx_10_12_x86_64.whl", hash = "sha256:529c8156d7506fba5740e05da8795688f87119cce330c244519cf706a4a3d618", size = 360475 },
    { url = "https://files.pythonhosted.org/packages/82/9f/283e7e2979fc4ec2d8ecee506d5a3675fce5ed9b4b7cb387ea5d37c2f18d/rpds_py-0.26.0-cp313-cp313t-macosx_11_0_arm64.whl", hash = "sha256:f53ec51f9d24e9638a40cabb95078ade8c99251945dad8d57bf4aabe86ecee35", size = 346692 },
    { url = "https://files.pythonhosted.org/packages/e3/03/7e50423c04d78daf391da3cc4330bdb97042fc192a58b186f2d5deb7befd/rpds_py-0.26.0-cp313-cp313t-manylinux_2_17_aarch64.manylinux2014_aarch64.whl", hash = "sha256:7ab504c4d654e4a29558eaa5bb8cea5fdc1703ea60a8099ffd9c758472cf913f", size = 379415 },
    { url = "https://files.pythonhosted.org/packages/57/00/d11ee60d4d3b16808432417951c63df803afb0e0fc672b5e8d07e9edaaae/rpds_py-0.26.0-cp313-cp313t-manylinux_2_17_armv7l.manylinux2014_armv7l.whl", hash = "sha256:fd0641abca296bc1a00183fe44f7fced8807ed49d501f188faa642d0e4975b83", size = 391783 },
    { url = "https://files.pythonhosted.org/packages/08/b3/1069c394d9c0d6d23c5b522e1f6546b65793a22950f6e0210adcc6f97c3e/rpds_py-0.26.0-cp313-cp313t-manylinux_2_17_ppc64le.manylinux2014_ppc64le.whl", hash = "sha256:69b312fecc1d017b5327afa81d4da1480f51c68810963a7336d92203dbb3d4f1", size = 512844 },
    { url = "https://files.pythonhosted.org/packages/08/3b/c4fbf0926800ed70b2c245ceca99c49f066456755f5d6eb8863c2c51e6d0/rpds_py-0.26.0-cp313-cp313t-manylinux_2_17_s390x.manylinux2014_s390x.whl", hash = "sha256:c741107203954f6fc34d3066d213d0a0c40f7bb5aafd698fb39888af277c70d8", size = 402105 },
    { url = "https://files.pythonhosted.org/packages/1c/b0/db69b52ca07413e568dae9dc674627a22297abb144c4d6022c6d78f1e5cc/rpds_py-0.26.0-cp313-cp313t-manylinux_2_17_x86_64.manylinux2014_x86_64.whl", hash = "sha256:fc3e55a7db08dc9a6ed5fb7103019d2c1a38a349ac41901f9f66d7f95750942f", size = 383440 },
    { url = "https://files.pythonhosted.org/packages/4c/e1/c65255ad5b63903e56b3bb3ff9dcc3f4f5c3badde5d08c741ee03903e951/rpds_py-0.26.0-cp313-cp313t-manylinux_2_5_i686.manylinux1_i686.whl", hash = "sha256:9e851920caab2dbcae311fd28f4313c6953993893eb5c1bb367ec69d9a39e7ed", size = 412759 },
    { url = "https://files.pythonhosted.org/packages/e4/22/bb731077872377a93c6e93b8a9487d0406c70208985831034ccdeed39c8e/rpds_py-0.26.0-cp313-cp313t-musllinux_1_2_aarch64.whl", hash = "sha256:dfbf280da5f876d0b00c81f26bedce274e72a678c28845453885a9b3c22ae632", size = 556032 },
    { url = "https://files.pythonhosted.org/packages/e0/8b/393322ce7bac5c4530fb96fc79cc9ea2f83e968ff5f6e873f905c493e1c4/rpds_py-0.26.0-cp313-cp313t-musllinux_1_2_i686.whl", hash = "sha256:1cc81d14ddfa53d7f3906694d35d54d9d3f850ef8e4e99ee68bc0d1e5fed9a9c", size = 585416 },
    { url = "https://files.pythonhosted.org/packages/49/ae/769dc372211835bf759319a7aae70525c6eb523e3371842c65b7ef41c9c6/rpds_py-0.26.0-cp313-cp313t-musllinux_1_2_x86_64.whl", hash = "sha256:dca83c498b4650a91efcf7b88d669b170256bf8017a5db6f3e06c2bf031f57e0", size = 554049 },
    { url = "https://files.pythonhosted.org/packages/6b/f9/4c43f9cc203d6ba44ce3146246cdc38619d92c7bd7bad4946a3491bd5b70/rpds_py-0.26.0-cp313-cp313t-win32.whl", hash = "sha256:4d11382bcaf12f80b51d790dee295c56a159633a8e81e6323b16e55d81ae37e9", size = 218428 },
    { url = "https://files.pythonhosted.org/packages/7e/8b/9286b7e822036a4a977f2f1e851c7345c20528dbd56b687bb67ed68a8ede/rpds_py-0.26.0-cp313-cp313t-win_amd64.whl", hash = "sha256:ff110acded3c22c033e637dd8896e411c7d3a11289b2edf041f86663dbc791e9", size = 231524 },
    { url = "https://files.pythonhosted.org/packages/55/07/029b7c45db910c74e182de626dfdae0ad489a949d84a468465cd0ca36355/rpds_py-0.26.0-cp314-cp314-macosx_10_12_x86_64.whl", hash = "sha256:da619979df60a940cd434084355c514c25cf8eb4cf9a508510682f6c851a4f7a", size = 364292 },
    { url = "https://files.pythonhosted.org/packages/13/d1/9b3d3f986216b4d1f584878dca15ce4797aaf5d372d738974ba737bf68d6/rpds_py-0.26.0-cp314-cp314-macosx_11_0_arm64.whl", hash = "sha256:ea89a2458a1a75f87caabefe789c87539ea4e43b40f18cff526052e35bbb4fdf", size = 350334 },
    { url = "https://files.pythonhosted.org/packages/18/98/16d5e7bc9ec715fa9668731d0cf97f6b032724e61696e2db3d47aeb89214/rpds_py-0.26.0-cp314-cp314-manylinux_2_17_aarch64.manylinux2014_aarch64.whl", hash = "sha256:feac1045b3327a45944e7dcbeb57530339f6b17baff154df51ef8b0da34c8c12", size = 384875 },
    { url = "https://files.pythonhosted.org/packages/f9/13/aa5e2b1ec5ab0e86a5c464d53514c0467bec6ba2507027d35fc81818358e/rpds_py-0.26.0-cp314-cp314-manylinux_2_17_armv7l.manylinux2014_armv7l.whl", hash = "sha256:b818a592bd69bfe437ee8368603d4a2d928c34cffcdf77c2e761a759ffd17d20", size = 399993 },
    { url = "https://files.pythonhosted.org/packages/17/03/8021810b0e97923abdbab6474c8b77c69bcb4b2c58330777df9ff69dc559/rpds_py-0.26.0-cp314-cp314-manylinux_2_17_ppc64le.manylinux2014_ppc64le.whl", hash = "sha256:1a8b0dd8648709b62d9372fc00a57466f5fdeefed666afe3fea5a6c9539a0331", size = 516683 },
    { url = "https://files.pythonhosted.org/packages/dc/b1/da8e61c87c2f3d836954239fdbbfb477bb7b54d74974d8f6fcb34342d166/rpds_py-0.26.0-cp314-cp314-manylinux_2_17_s390x.manylinux2014_s390x.whl", hash = "sha256:6d3498ad0df07d81112aa6ec6c95a7e7b1ae00929fb73e7ebee0f3faaeabad2f", size = 408825 },
    { url = "https://files.pythonhosted.org/packages/38/bc/1fc173edaaa0e52c94b02a655db20697cb5fa954ad5a8e15a2c784c5cbdd/rpds_py-0.26.0-cp314-cp314-manylinux_2_17_x86_64.manylinux2014_x86_64.whl", hash = "sha256:24a4146ccb15be237fdef10f331c568e1b0e505f8c8c9ed5d67759dac58ac246", size = 387292 },
    { url = "https://files.pythonhosted.org/packages/7c/eb/3a9bb4bd90867d21916f253caf4f0d0be7098671b6715ad1cead9fe7bab9/rpds_py-0.26.0-cp314-cp314-manylinux_2_5_i686.manylinux1_i686.whl", hash = "sha256:a9a63785467b2d73635957d32a4f6e73d5e4df497a16a6392fa066b753e87387", size = 420435 },
    { url = "https://files.pythonhosted.org/packages/cd/16/e066dcdb56f5632713445271a3f8d3d0b426d51ae9c0cca387799df58b02/rpds_py-0.26.0-cp314-cp314-musllinux_1_2_aarch64.whl", hash = "sha256:de4ed93a8c91debfd5a047be327b7cc8b0cc6afe32a716bbbc4aedca9e2a83af", size = 562410 },
    { url = "https://files.pythonhosted.org/packages/60/22/ddbdec7eb82a0dc2e455be44c97c71c232983e21349836ce9f272e8a3c29/rpds_py-0.26.0-cp314-cp314-musllinux_1_2_i686.whl", hash = "sha256:caf51943715b12af827696ec395bfa68f090a4c1a1d2509eb4e2cb69abbbdb33", size = 590724 },
    { url = "https://files.pythonhosted.org/packages/2c/b4/95744085e65b7187d83f2fcb0bef70716a1ea0a9e5d8f7f39a86e5d83424/rpds_py-0.26.0-cp314-cp314-musllinux_1_2_x86_64.whl", hash = "sha256:4a59e5bc386de021f56337f757301b337d7ab58baa40174fb150accd480bc953", size = 558285 },
    { url = "https://files.pythonhosted.org/packages/37/37/6309a75e464d1da2559446f9c811aa4d16343cebe3dbb73701e63f760caa/rpds_py-0.26.0-cp314-cp314-win32.whl", hash = "sha256:92c8db839367ef16a662478f0a2fe13e15f2227da3c1430a782ad0f6ee009ec9", size = 223459 },
    { url = "https://files.pythonhosted.org/packages/d9/6f/8e9c11214c46098b1d1391b7e02b70bb689ab963db3b19540cba17315291/rpds_py-0.26.0-cp314-cp314-win_amd64.whl", hash = "sha256:b0afb8cdd034150d4d9f53926226ed27ad15b7f465e93d7468caaf5eafae0d37", size = 236083 },
    { url = "https://files.pythonhosted.org/packages/47/af/9c4638994dd623d51c39892edd9d08e8be8220a4b7e874fa02c2d6e91955/rpds_py-0.26.0-cp314-cp314-win_arm64.whl", hash = "sha256:ca3f059f4ba485d90c8dc75cb5ca897e15325e4e609812ce57f896607c1c0867", size = 223291 },
    { url = "https://files.pythonhosted.org/packages/4d/db/669a241144460474aab03e254326b32c42def83eb23458a10d163cb9b5ce/rpds_py-0.26.0-cp314-cp314t-macosx_10_12_x86_64.whl", hash = "sha256:5afea17ab3a126006dc2f293b14ffc7ef3c85336cf451564a0515ed7648033da", size = 361445 },
    { url = "https://files.pythonhosted.org/packages/3b/2d/133f61cc5807c6c2fd086a46df0eb8f63a23f5df8306ff9f6d0fd168fecc/rpds_py-0.26.0-cp314-cp314t-macosx_11_0_arm64.whl", hash = "sha256:69f0c0a3df7fd3a7eec50a00396104bb9a843ea6d45fcc31c2d5243446ffd7a7", size = 347206 },
    { url = "https://files.pythonhosted.org/packages/05/bf/0e8fb4c05f70273469eecf82f6ccf37248558526a45321644826555db31b/rpds_py-0.26.0-cp314-cp314t-manylinux_2_17_aarch64.manylinux2014_aarch64.whl", hash = "sha256:801a71f70f9813e82d2513c9a96532551fce1e278ec0c64610992c49c04c2dad", size = 380330 },
    { url = "https://files.pythonhosted.org/packages/d4/a8/060d24185d8b24d3923322f8d0ede16df4ade226a74e747b8c7c978e3dd3/rpds_py-0.26.0-cp314-cp314t-manylinux_2_17_armv7l.manylinux2014_armv7l.whl", hash = "sha256:df52098cde6d5e02fa75c1f6244f07971773adb4a26625edd5c18fee906fa84d", size = 392254 },
    { url = "https://files.pythonhosted.org/packages/b9/7b/7c2e8a9ee3e6bc0bae26bf29f5219955ca2fbb761dca996a83f5d2f773fe/rpds_py-0.26.0-cp314-cp314t-manylinux_2_17_ppc64le.manylinux2014_ppc64le.whl", hash = "sha256:9bc596b30f86dc6f0929499c9e574601679d0341a0108c25b9b358a042f51bca", size = 516094 },
    { url = "https://files.pythonhosted.org/packages/75/d6/f61cafbed8ba1499b9af9f1777a2a199cd888f74a96133d8833ce5eaa9c5/rpds_py-0.26.0-cp314-cp314t-manylinux_2_17_s390x.manylinux2014_s390x.whl", hash = "sha256:9dfbe56b299cf5875b68eb6f0ebaadc9cac520a1989cac0db0765abfb3709c19", size = 402889 },
    { url = "https://files.pythonhosted.org/packages/92/19/c8ac0a8a8df2dd30cdec27f69298a5c13e9029500d6d76718130f5e5be10/rpds_py-0.26.0-cp314-cp314t-manylinux_2_17_x86_64.manylinux2014_x86_64.whl", hash = "sha256:ac64f4b2bdb4ea622175c9ab7cf09444e412e22c0e02e906978b3b488af5fde8", size = 384301 },
    { url = "https://files.pythonhosted.org/packages/41/e1/6b1859898bc292a9ce5776016c7312b672da00e25cec74d7beced1027286/rpds_py-0.26.0-cp314-cp314t-manylinux_2_5_i686.manylinux1_i686.whl", hash = "sha256:181ef9b6bbf9845a264f9aa45c31836e9f3c1f13be565d0d010e964c661d1e2b", size = 412891 },
    { url = "https://files.pythonhosted.org/packages/ef/b9/ceb39af29913c07966a61367b3c08b4f71fad841e32c6b59a129d5974698/rpds_py-0.26.0-cp314-cp314t-musllinux_1_2_aarch64.whl", hash = "sha256:49028aa684c144ea502a8e847d23aed5e4c2ef7cadfa7d5eaafcb40864844b7a", size = 557044 },
    { url = "https://files.pythonhosted.org/packages/2f/27/35637b98380731a521f8ec4f3fd94e477964f04f6b2f8f7af8a2d889a4af/rpds_py-0.26.0-cp314-cp314t-musllinux_1_2_i686.whl", hash = "sha256:e5d524d68a474a9688336045bbf76cb0def88549c1b2ad9dbfec1fb7cfbe9170", size = 585774 },
    { url = "https://files.pythonhosted.org/packages/52/d9/3f0f105420fecd18551b678c9a6ce60bd23986098b252a56d35781b3e7e9/rpds_py-0.26.0-cp314-cp314t-musllinux_1_2_x86_64.whl", hash = "sha256:c1851f429b822831bd2edcbe0cfd12ee9ea77868f8d3daf267b189371671c80e", size = 554886 },
    { url = "https://files.pythonhosted.org/packages/6b/c5/347c056a90dc8dd9bc240a08c527315008e1b5042e7a4cf4ac027be9d38a/rpds_py-0.26.0-cp314-cp314t-win32.whl", hash = "sha256:7bdb17009696214c3b66bb3590c6d62e14ac5935e53e929bcdbc5a495987a84f", size = 219027 },
    { url = "https://files.pythonhosted.org/packages/75/04/5302cea1aa26d886d34cadbf2dc77d90d7737e576c0065f357b96dc7a1a6/rpds_py-0.26.0-cp314-cp314t-win_amd64.whl", hash = "sha256:f14440b9573a6f76b4ee4770c13f0b5921f71dde3b6fcb8dabbefd13b7fe05d7", size = 232821 },
]

[[package]]
name = "sqlparse"
version = "0.5.3"
source = { registry = "https://pypi.org/simple" }
sdist = { url = "https://files.pythonhosted.org/packages/e5/40/edede8dd6977b0d3da179a342c198ed100dd2aba4be081861ee5911e4da4/sqlparse-0.5.3.tar.gz", hash = "sha256:09f67787f56a0b16ecdbde1bfc7f5d9c3371ca683cfeaa8e6ff60b4807ec9272", size = 84999 }
wheels = [
    { url = "https://files.pythonhosted.org/packages/a9/5c/bfd6bd0bf979426d405cc6e71eceb8701b148b16c21d2dc3c261efc61c7b/sqlparse-0.5.3-py3-none-any.whl", hash = "sha256:cf2196ed3418f3ba5de6af7e82c694a9fbdbfecccdfc72e281548517081f16ca", size = 44415 },
]

[[package]]
name = "tzdata"
version = "2025.2"
source = { registry = "https://pypi.org/simple" }
sdist = { url = "https://files.pythonhosted.org/packages/95/32/1a225d6164441be760d75c2c42e2780dc0873fe382da3e98a2e1e48361e5/tzdata-2025.2.tar.gz", hash = "sha256:b60a638fcc0daffadf82fe0f57e53d06bdec2f36c4df66280ae79bce6bd6f2b9", size = 196380 }
wheels = [
    { url = "https://files.pythonhosted.org/packages/5c/23/c7abc0ca0a1526a0774eca151daeb8de62ec457e77262b66b359c3c7679e/tzdata-2025.2-py2.py3-none-any.whl", hash = "sha256:1a403fada01ff9221ca8044d701868fa132215d84beb92242d9acd2147f667a8", size = 347839 },
]

[[package]]
name = "uritemplate"
version = "4.2.0"
source = { registry = "https://pypi.org/simple" }
sdist = { url = "https://files.pythonhosted.org/packages/98/60/f174043244c5306c9988380d2cb10009f91563fc4b31293d27e17201af56/uritemplate-4.2.0.tar.gz", hash = "sha256:480c2ed180878955863323eea31b0ede668795de182617fef9c6ca09e6ec9d0e", size = 33267 }
wheels = [
    { url = "https://files.pythonhosted.org/packages/a9/99/3ae339466c9183ea5b8ae87b34c0b897eda475d2aec2307cae60e5cd4f29/uritemplate-4.2.0-py3-none-any.whl", hash = "sha256:962201ba1c4edcab02e60f9a0d3821e82dfc5d2d6662a21abd533879bdb8a686", size = 11488 },
]
